PODS:
  - AFNetworking (3.2.1):
    - AFNetworking/NSURLSession (= 3.2.1)
    - AFNetworking/Reachability (= 3.2.1)
    - AFNetworking/Security (= 3.2.1)
    - AFNetworking/Serialization (= 3.2.1)
    - AFNetworking/UIKit (= 3.2.1)
  - AFNetworking/NSURLSession (3.2.1):
    - AFNetworking/Reachability
    - AFNetworking/Security
    - AFNetworking/Serialization
  - AFNetworking/Reachability (3.2.1)
  - AFNetworking/Security (3.2.1)
  - AFNetworking/Serialization (3.2.1)
  - AFNetworking/UIKit (3.2.1):
    - AFNetworking/NSURLSession
  - AgriPestClient (1.0.108):
    - AFNetworking (~> 3)
    - ISO8601 (~> 0.6)
    - JSONModel (~> 1.2)
  - ISO8601 (0.6.0)
  - JSONModel (1.8.0)
  - LookinServer (1.2.8):
    - LookinServer/Core (= 1.2.8)
  - LookinServer/Core (1.2.8)
  - Masonry (1.1.0)
  - SDWebImage (5.21.5):
    - SDWebImage/Core (= 5.21.5)
  - SDWebImage/Core (5.21.5)
  - WCDB.objc (2.1.16):
    - WCDBOptimizedSQLCipher (= 1.4.8)
  - WCDBOptimizedSQLCipher (1.4.8)
  - YYModel (1.0.4)

DEPENDENCIES:
  - AgriPestClient (from `https://github.com/lukecc00/AgriPest-IOS-SDK.git`, tag `v1.0.108`)
  - LookinServer
  - Masonry
  - SDWebImage (~> 5.0)
  - WCDB.objc (from `https://github.com/Tencent/wcdb.git`, branch `master`)
  - YYModel

SPEC REPOS:
  trunk:
    - AFNetworking
    - ISO8601
    - JSONModel
    - LookinServer
    - Masonry
    - SDWebImage
    - WCDBOptimizedSQLCipher
    - YYModel

EXTERNAL SOURCES:
  AgriPestClient:
    :git: https://github.com/lukecc00/AgriPest-IOS-SDK.git
    :tag: v1.0.108
  WCDB.objc:
    :branch: master
    :git: https://github.com/Tencent/wcdb.git

CHECKOUT OPTIONS:
  AgriPestClient:
    :git: https://github.com/lukecc00/AgriPest-IOS-SDK.git
    :tag: v1.0.108
  WCDB.objc:
    :commit: df808591b9f9a9ab42156006819c3550d5af13a3
    :git: https://github.com/Tencent/wcdb.git

SPEC CHECKSUMS:
  AFNetworking: cb604b1c2bded0871f5f61f5d53653739e841d6b
  AgriPestClient: 168cd4ba533a02a32272e7084d5ffd2077ce5465
  ISO8601: d3ea3ba9b752820cf92c6b47a9ee327e9f0e13fc
  JSONModel: 02ab723958366a3fd27da57ea2af2113658762e9
  LookinServer: 1b2b61c6402ae29fa22182d48f5cd067b4e99e80
  Masonry: 678fab65091a9290e40e2832a55e7ab731aad201
  SDWebImage: e9c98383c7572d713c1a0d7dd2783b10599b9838
  WCDB.objc: d88dd9184fc7797b10890efadd593b8ce1d062dc
  WCDBOptimizedSQLCipher: 871994f7f620302fdf87a2729c099a1efa2223da
  YYModel: 2a7fdd96aaa4b86a824e26d0c517de8928c04b30

PODFILE CHECKSUM: 485110cad2cc52755197adbfecdee56266fc88e3

COCOAPODS: 1.16.2
